
Microsoft Visual Studio Solution File, Format Version 12.00
# Visual Studio 15
VisualStudioVersion = 15.0.26730.10
MinimumVisualStudioVersion = 10.0.40219.1
Project("{9A19103F-16F7-4668-BE54-9A1E7A4F7556}") = "TheRooms", "TheRooms.csproj", "{291DEB21-FEB1-4818-9CE0-803F32B2F35F}"
EndProject
Global
	GlobalSection(SolutionConfigurationPlatforms) = preSolution
		Debug|Any CPU = Debug|Any CPU
		Release|Any CPU = Release|Any CPU
	EndGlobalSection
	GlobalSection(ProjectConfigurationPlatforms) = postSolution
		{291DEB21-FEB1-4818-9CE0-803F32B2F35F}.Debug|Any CPU.ActiveCfg = Debug|Any CPU
		{291DEB21-FEB1-4818-9CE0-803F32B2F35F}.Debug|Any CPU.Build.0 = Debug|Any CPU
		{291DEB21-FEB1-4818-9CE0-803F32B2F35F}.Release|Any CPU.ActiveCfg = Release|Any CPU
		{291DEB21-FEB1-4818-9CE0-803F32B2F35F}.Release|Any CPU.Build.0 = Release|Any CPU
	EndGlobalSection
	GlobalSection(SolutionProperties) = preSolution
		HideSolutionNode = FALSE
	EndGlobalSection
	GlobalSection(ExtensibilityGlobals) = postSolution
		SolutionGuid = {841ED8DB-7EBD-46D6-8E17-EA8F5C82BF52}
	EndGlobalSection
EndGlobal
